
Microsoft Visual Studio Solution File, Format Version 12.00
# Visual Studio Version 17
VisualStudioVersion = 17.9.34616.47
MinimumVisualStudioVersion = 10.0.40219.1
Project("{9A19103F-16F7-4668-BE54-9A1E7A4F7556}") = "Application", "Application\Application.csproj", "{031DC33A-95B7-4335-BB4B-F517863D4A4D}"
EndProject
Project("{9A19103F-16F7-4668-BE54-9A1E7A4F7556}") = "Domain", "Domain\Domain.csproj", "{ED96FC49-C52B-4F2D-B66C-4F351EFF678A}"
EndProject
Project("{9A19103F-16F7-4668-BE54-9A1E7A4F7556}") = "Web.API", "Web.API\Web.API.csproj", "{6A18519C-E2E1-424C-97BB-8BFF9E4D7983}"
EndProject
Project("{9A19103F-16F7-4668-BE54-9A1E7A4F7556}") = "Shared", "Shared\Shared.csproj", "{B33E609D-50EA-42D1-A625-10042FCBD449}"
EndProject
Project("{2150E333-8FDC-42A3-9474-1A3956D46DE8}") = "src", "src", "{98136543-79BA-46D2-A541-FC51978109D4}"
EndProject
Project("{2150E333-8FDC-42A3-9474-1A3956D46DE8}") = "tests", "tests", "{0E4CD0A2-286E-42D7-B465-855667820B6F}"
EndProject
Project("{9A19103F-16F7-4668-BE54-9A1E7A4F7556}") = "Shared.Tests", "Shared.Tests\Shared.Tests.csproj", "{C1619A4D-2134-46F7-B50E-1A7A1F368A56}"
EndProject
Project("{9A19103F-16F7-4668-BE54-9A1E7A4F7556}") = "Infrastructure", "Infrastructure\Infrastructure.csproj", "{F51D387E-45F6-40D9-94AB-163CA4805974}"
EndProject
Project("{9A19103F-16F7-4668-BE54-9A1E7A4F7556}") = "Persistence", "Persistence\Persistence.csproj", "{6CC0AC7B-372F-403B-AB2E-6D8390D32ADD}"
EndProject
Project("{9A19103F-16F7-4668-BE54-9A1E7A4F7556}") = "Persistence.MigrationsHelper", "Persistence.MigrationsHelper\Persistence.MigrationsHelper.csproj", "{89CF8224-EFCE-4331-855E-6A41826CE533}"
EndProject
Project("{FAE04EC0-301F-11D3-BF4B-00C04F79EFBC}") = "Data.Generator", "Data.Generator\Data.Generator.csproj", "{9628C872-DBB1-4B8F-93A5-4A9AA8624BF0}"
EndProject
Global
	GlobalSection(SolutionConfigurationPlatforms) = preSolution
		Debug|Any CPU = Debug|Any CPU
		Release|Any CPU = Release|Any CPU
	EndGlobalSection
	GlobalSection(ProjectConfigurationPlatforms) = postSolution
		{031DC33A-95B7-4335-BB4B-F517863D4A4D}.Debug|Any CPU.ActiveCfg = Debug|Any CPU
		{031DC33A-95B7-4335-BB4B-F517863D4A4D}.Debug|Any CPU.Build.0 = Debug|Any CPU
		{031DC33A-95B7-4335-BB4B-F517863D4A4D}.Release|Any CPU.ActiveCfg = Release|Any CPU
		{031DC33A-95B7-4335-BB4B-F517863D4A4D}.Release|Any CPU.Build.0 = Release|Any CPU
		{ED96FC49-C52B-4F2D-B66C-4F351EFF678A}.Debug|Any CPU.ActiveCfg = Debug|Any CPU
		{ED96FC49-C52B-4F2D-B66C-4F351EFF678A}.Debug|Any CPU.Build.0 = Debug|Any CPU
		{ED96FC49-C52B-4F2D-B66C-4F351EFF678A}.Release|Any CPU.ActiveCfg = Release|Any CPU
		{ED96FC49-C52B-4F2D-B66C-4F351EFF678A}.Release|Any CPU.Build.0 = Release|Any CPU
		{6A18519C-E2E1-424C-97BB-8BFF9E4D7983}.Debug|Any CPU.ActiveCfg = Debug|Any CPU
		{6A18519C-E2E1-424C-97BB-8BFF9E4D7983}.Debug|Any CPU.Build.0 = Debug|Any CPU
		{6A18519C-E2E1-424C-97BB-8BFF9E4D7983}.Release|Any CPU.ActiveCfg = Release|Any CPU
		{6A18519C-E2E1-424C-97BB-8BFF9E4D7983}.Release|Any CPU.Build.0 = Release|Any CPU
		{B33E609D-50EA-42D1-A625-10042FCBD449}.Debug|Any CPU.ActiveCfg = Debug|Any CPU
		{B33E609D-50EA-42D1-A625-10042FCBD449}.Debug|Any CPU.Build.0 = Debug|Any CPU
		{B33E609D-50EA-42D1-A625-10042FCBD449}.Release|Any CPU.ActiveCfg = Release|Any CPU
		{B33E609D-50EA-42D1-A625-10042FCBD449}.Release|Any CPU.Build.0 = Release|Any CPU
		{C1619A4D-2134-46F7-B50E-1A7A1F368A56}.Debug|Any CPU.ActiveCfg = Debug|Any CPU
		{C1619A4D-2134-46F7-B50E-1A7A1F368A56}.Debug|Any CPU.Build.0 = Debug|Any CPU
		{C1619A4D-2134-46F7-B50E-1A7A1F368A56}.Release|Any CPU.ActiveCfg = Release|Any CPU
		{C1619A4D-2134-46F7-B50E-1A7A1F368A56}.Release|Any CPU.Build.0 = Release|Any CPU
		{F51D387E-45F6-40D9-94AB-163CA4805974}.Debug|Any CPU.ActiveCfg = Debug|Any CPU
		{F51D387E-45F6-40D9-94AB-163CA4805974}.Debug|Any CPU.Build.0 = Debug|Any CPU
		{F51D387E-45F6-40D9-94AB-163CA4805974}.Release|Any CPU.ActiveCfg = Release|Any CPU
		{F51D387E-45F6-40D9-94AB-163CA4805974}.Release|Any CPU.Build.0 = Release|Any CPU
		{6CC0AC7B-372F-403B-AB2E-6D8390D32ADD}.Debug|Any CPU.ActiveCfg = Debug|Any CPU
		{6CC0AC7B-372F-403B-AB2E-6D8390D32ADD}.Debug|Any CPU.Build.0 = Debug|Any CPU
		{6CC0AC7B-372F-403B-AB2E-6D8390D32ADD}.Release|Any CPU.ActiveCfg = Release|Any CPU
		{6CC0AC7B-372F-403B-AB2E-6D8390D32ADD}.Release|Any CPU.Build.0 = Release|Any CPU
		{89CF8224-EFCE-4331-855E-6A41826CE533}.Debug|Any CPU.ActiveCfg = Debug|Any CPU
		{89CF8224-EFCE-4331-855E-6A41826CE533}.Debug|Any CPU.Build.0 = Debug|Any CPU
		{89CF8224-EFCE-4331-855E-6A41826CE533}.Release|Any CPU.ActiveCfg = Release|Any CPU
		{89CF8224-EFCE-4331-855E-6A41826CE533}.Release|Any CPU.Build.0 = Release|Any CPU
		{9628C872-DBB1-4B8F-93A5-4A9AA8624BF0}.Debug|Any CPU.ActiveCfg = Debug|Any CPU
		{9628C872-DBB1-4B8F-93A5-4A9AA8624BF0}.Debug|Any CPU.Build.0 = Debug|Any CPU
		{9628C872-DBB1-4B8F-93A5-4A9AA8624BF0}.Release|Any CPU.ActiveCfg = Release|Any CPU
		{9628C872-DBB1-4B8F-93A5-4A9AA8624BF0}.Release|Any CPU.Build.0 = Release|Any CPU
	EndGlobalSection
	GlobalSection(SolutionProperties) = preSolution
		HideSolutionNode = FALSE
	EndGlobalSection
	GlobalSection(NestedProjects) = preSolution
		{031DC33A-95B7-4335-BB4B-F517863D4A4D} = {98136543-79BA-46D2-A541-FC51978109D4}
		{ED96FC49-C52B-4F2D-B66C-4F351EFF678A} = {98136543-79BA-46D2-A541-FC51978109D4}
		{6A18519C-E2E1-424C-97BB-8BFF9E4D7983} = {98136543-79BA-46D2-A541-FC51978109D4}
		{B33E609D-50EA-42D1-A625-10042FCBD449} = {98136543-79BA-46D2-A541-FC51978109D4}
		{C1619A4D-2134-46F7-B50E-1A7A1F368A56} = {0E4CD0A2-286E-42D7-B465-855667820B6F}
		{F51D387E-45F6-40D9-94AB-163CA4805974} = {98136543-79BA-46D2-A541-FC51978109D4}
		{6CC0AC7B-372F-403B-AB2E-6D8390D32ADD} = {98136543-79BA-46D2-A541-FC51978109D4}
		{89CF8224-EFCE-4331-855E-6A41826CE533} = {98136543-79BA-46D2-A541-FC51978109D4}
		{9628C872-DBB1-4B8F-93A5-4A9AA8624BF0} = {98136543-79BA-46D2-A541-FC51978109D4}
	EndGlobalSection
	GlobalSection(ExtensibilityGlobals) = postSolution
		SolutionGuid = {62CDE40F-B31D-4DAF-90F4-F65478D0A0B1}
	EndGlobalSection
EndGlobal
